github.com/MaestroError/go-libheif v0.3.0 h1:204PWXPzbxMAWHzQsnRpS8X99SMxRLlXapgQCeMlCMA=
github.com/MaestroError/go-libheif v0.3.0/go.mod h1:Tm3itYEAZS4K41yP81EudQXZsPaN8Ij85wMXRBkHKhI=
github.com/fsnotify/fsnotify v1.8.0 h1:dAwr6QBTBZIkG8roQaJjGof0pp0EeF+tNV7YBP3F/8M=
github.com/fsnotify/fsnotify v1.8.0/go.mod h1:8jBTzvmWwFyi3Pb8djgCCO5IBqzKJ/Jwo8TRcHyHii0=
github.com/mattn/go-sqlite3 v1.14.24 h1:tpSp2G2KyMnnQu99ngJ47EIkWVmliIizyZBfPrBWDRM=
github.com/mattn/go-sqlite3 v1.14.24/go.mod h1:Uh1q+B4BYcTPb+yiD3kU8Ct7aC0hY9fxUwlHK0RXw+Y=
github.com/strukturag/libheif v1.16.2 h1:wCgk8RhYopsFsg73misRH7HLlKflrVBYyIcIcxd/Dr0=
github.com/strukturag/libheif v1.16.2/go.mod h1:E/PNRlmVtrtj9j2AvBZlrO4dsBDu6KfwDZn7X1Ce8Ks=
github.com/trevorjamesmartin/resize v0.0.0-20250109194826-22a07cf5d819 h1:ggmhzKV68D7dwSw9k1GOtDHJ/0KOXESfNuFFYiCJCIA=
github.com/trevorjamesmartin/resize v0.0.0-20250109194826-22a07cf5d819/go.mod h1:/oZEemfq4EqGgOPvtKDfphNR7iVatFfPnK2HuGltj1I=
github.com/trevorjamesmartin/webview_go v0.0.0-20250129182324-a1d025b1985c h1:iVhDx5g6irOw/xlFjuw4LyXaMalrIYttdRpRM9vDsWo=
github.com/trevorjamesmartin/webview_go v0.0.0-20250129182324-a1d025b1985c/go.mod h1:GgeOPFuZrW7r6BrGVlAzxuclHkFu9RHL2G8GiON5ieQ=
golang.org/x/sys v0.13.0 h1:Af8nKPmuFypiUBjVoU9V20FiaFXOcuZI21p0ycVYYGE=
golang.org/x/sys v0.13.0/go.mod h1:oPkhp1MJrh7nUepCBck5+mAzfO9JrbApNNgaTdGDITg=
